
Microsoft Visual Studio Solution File, Format Version 12.00
# Visual Studio Version 17
VisualStudioVersion = 17.5.33530.505
MinimumVisualStudioVersion = 10.0.40219.1
Project("{FAE04EC0-301F-11D3-BF4B-00C04F79EFBC}") = "TodoApplication_v1.0", "TodoApplication_v1.0.csproj", "{5038771A-1D0D-4DB8-9E16-FFE71B996FCC}"
EndProject
Global
	GlobalSection(SolutionConfigurationPlatforms) = preSolution
		Debug|Any CPU = Debug|Any CPU
		Release|Any CPU = Release|Any CPU
	EndGlobalSection
	GlobalSection(ProjectConfigurationPlatforms) = postSolution
		{5038771A-1D0D-4DB8-9E16-FFE71B996FCC}.Debug|Any CPU.ActiveCfg = Debug|Any CPU
		{5038771A-1D0D-4DB8-9E16-FFE71B996FCC}.Debug|Any CPU.Build.0 = Debug|Any CPU
		{5038771A-1D0D-4DB8-9E16-FFE71B996FCC}.Release|Any CPU.ActiveCfg = Release|Any CPU
		{5038771A-1D0D-4DB8-9E16-FFE71B996FCC}.Release|Any CPU.Build.0 = Release|Any CPU
	EndGlobalSection
	GlobalSection(SolutionProperties) = preSolution
		HideSolutionNode = FALSE
	EndGlobalSection
	GlobalSection(ExtensibilityGlobals) = postSolution
		SolutionGuid = {FCDB0E1A-3DE9-4121-A637-4AA9DA5965EA}
	EndGlobalSection
EndGlobal
